
Microsoft Visual Studio Solution File, Format Version 12.00
# Visual Studio 15
VisualStudioVersion = 15.0.28307.1259
MinimumVisualStudioVersion = 10.0.40219.1
Project("{FAE04EC0-301F-11D3-BF4B-00C04F79EFBC}") = "vmaf-gui", "vmaf-gui\vmaf-gui.csproj", "{06DEA360-BC79-4020-B30A-2828DAA7D0CA}"
EndProject
Global
	GlobalSection(SolutionConfigurationPlatforms) = preSolution
		Debug|Any CPU = Debug|Any CPU
		Release|Any CPU = Release|Any CPU
	EndGlobalSection
	GlobalSection(ProjectConfigurationPlatforms) = postSolution
		{06DEA360-BC79-4020-B30A-2828DAA7D0CA}.Debug|Any CPU.ActiveCfg = Debug|Any CPU
		{06DEA360-BC79-4020-B30A-2828DAA7D0CA}.Debug|Any CPU.Build.0 = Debug|Any CPU
		{06DEA360-BC79-4020-B30A-2828DAA7D0CA}.Release|Any CPU.ActiveCfg = Release|Any CPU
		{06DEA360-BC79-4020-B30A-2828DAA7D0CA}.Release|Any CPU.Build.0 = Release|Any CPU
	EndGlobalSection
	GlobalSection(SolutionProperties) = preSolution
		HideSolutionNode = FALSE
	EndGlobalSection
	GlobalSection(ExtensibilityGlobals) = postSolution
		SolutionGuid = {E7FABFC4-C0B7-4BB5-AB13-462246B576FA}
	EndGlobalSection
EndGlobal
